# THIS IS AN AUTOGENERATED FILE. DO NOT EDIT THIS FILE DIRECTLY.
# yarn lockfile v1


"@types/node@*", "@types/node@^16.9.1":
  version "16.9.1"
  resolved "https://registry.nlark.com/@types/node/download/@types/node-16.9.1.tgz?cache=0&other_urls=https%3A%2F%2Fregistry.nlark.com%2F%40types%2Fnode%2Fdownload%2F%40types%2Fnode-16.9.1.tgz#0611b37db4246c937feef529ddcc018cf8e35708"
  integrity sha1-BhGzfbQkbJN/7vUp3cwBjPjjVwg=

"@types/set-cookie-parser@^2.4.1":
  version "2.4.1"
  resolved "https://registry.nlark.com/@types/set-cookie-parser/download/@types/set-cookie-parser-2.4.1.tgz?cache=0&sync_timestamp=1629709186783&other_urls=https%3A%2F%2Fregistry.nlark.com%2F%40types%2Fset-cookie-parser%2Fdownload%2F%40types%2Fset-cookie-parser-2.4.1.tgz#49403d3150f6f296da8e51b3e9e7e562eaf105b4"
  integrity sha1-SUA9MVD28pbajlGz6eflYurxBbQ=
  dependencies:
    "@types/node" "*"

big-integer@^1.6.48:
  version "1.6.48"
  resolved "https://registry.npm.taobao.org/big-integer/download/big-integer-1.6.48.tgz#8fd88bd1632cba4a1c8c3e3d7159f08bb95b4b9e"
  integrity sha1-j9iL0WMsukocjD49cVnwi7lbS54=

data-uri-to-buffer@^3.0.1:
  version "3.0.1"
  resolved "https://registry.npm.taobao.org/data-uri-to-buffer/download/data-uri-to-buffer-3.0.1.tgz#594b8973938c5bc2c33046535785341abc4f3636"
  integrity sha1-WUuJc5OMW8LDMEZTV4U0GrxPNjY=

fetch-blob@^3.1.2:
  version "3.1.2"
  resolved "https://registry.nlark.com/fetch-blob/download/fetch-blob-3.1.2.tgz#6bc438675f3851ecea51758ac91f6a1cd1bacabd"
  integrity sha1-a8Q4Z184UezqUXWKyR9qHNG6yr0=
  dependencies:
    web-streams-polyfill "^3.0.3"

node-fetch@^3.0.0:
  version "3.0.0"
  resolved "https://registry.nlark.com/node-fetch/download/node-fetch-3.0.0.tgz?cache=0&sync_timestamp=1630934725619&other_urls=https%3A%2F%2Fregistry.nlark.com%2Fnode-fetch%2Fdownload%2Fnode-fetch-3.0.0.tgz#79da7146a520036f2c5f644e4a26095f17e411ea"
  integrity sha1-edpxRqUgA28sX2ROSiYJXxfkEeo=
  dependencies:
    data-uri-to-buffer "^3.0.1"
    fetch-blob "^3.1.2"

set-cookie-parser@^2.4.8:
  version "2.4.8"
  resolved "https://registry.npm.taobao.org/set-cookie-parser/download/set-cookie-parser-2.4.8.tgz#d0da0ed388bc8f24e706a391f9c9e252a13c58b2"
  integrity sha1-0NoO04i8jyTnBqOR+cniUqE8WLI=

web-streams-polyfill@^3.0.3:
  version "3.1.1"
  resolved "https://registry.nlark.com/web-streams-polyfill/download/web-streams-polyfill-3.1.1.tgz#1516f2d4ea8f1bdbfed15eb65cb2df87098c8364"
  integrity sha1-FRby1OqPG9v+0V62XLLfhwmMg2Q=
